# This file was autogenerated by uv via the following command:
#    uv pip compile requirements-dev.txt -o requirements.lock
aiofiles==24.1.0
    # via
    #   -r requirements.txt
    #   gradio
annotated-doc==0.0.4
    # via
    #   -r requirements.txt
    #   fastapi
    #   typer
annotated-types==0.7.0
    # via
    #   -r requirements.txt
    #   pydantic
anyio==4.14.2
    # via
    #   -r requirements.txt
    #   gradio
    #   httpx
    #   starlette
black==26.5.1
    # via -r requirements-dev.txt
blis==1.3.3
    # via
    #   -r requirements.txt
    #   thinc
brotli==1.2.0
    # via
    #   -r requirements.txt
    #   gradio
catalogue==2.0.10
    # via
    #   -r requirements.txt
    #   spacy
    #   srsly
    #   thinc
certifi==2026.7.22
    # via
    #   -r requirements.txt
    #   httpcore
    #   httpx
    #   requests
cffi==2.1.0
    # via
    #   -r requirements.txt
    #   cryptography
charset-normalizer==3.4.9
    # via
    #   -r requirements.txt
    #   requests
click==8.4.2
    # via
    #   -r requirements.txt
    #   black
    #   huggingface-hub
    #   uvicorn
cloudpathlib==0.24.0
    # via
    #   -r requirements.txt
    #   weasel
confection==1.3.3
    # via
    #   -r requirements.txt
    #   spacy
    #   thinc
    #   weasel
cryptography==48.0.1
    # via
    #   -r requirements.txt
    #   presidio-anonymizer
cymem==2.0.13
    # via
    #   -r requirements.txt
    #   preshed
    #   spacy
    #   thinc
fastapi==0.139.2
    # via
    #   -r requirements.txt
    #   gradio
ffmpy==1.0.0
    # via
    #   -r requirements.txt
    #   gradio
filelock==3.32.0
    # via
    #   -r requirements.txt
    #   huggingface-hub
    #   tldextract
fsspec==2026.6.0
    # via
    #   -r requirements.txt
    #   gradio-client
    #   huggingface-hub
gradio==5.50.0
    # via -r requirements.txt
gradio-client==1.14.0
    # via
    #   -r requirements.txt
    #   gradio
groovy==0.1.2
    # via
    #   -r requirements.txt
    #   gradio
h11==0.16.0
    # via
    #   -r requirements.txt
    #   httpcore
    #   uvicorn
hf-xet==1.5.2
    # via
    #   -r requirements.txt
    #   huggingface-hub
httpcore==1.0.9
    # via
    #   -r requirements.txt
    #   httpx
httpx==0.28.1
    # via
    #   -r requirements.txt
    #   gradio
    #   gradio-client
    #   huggingface-hub
    #   safehttpx
    #   weasel
huggingface-hub==1.24.0
    # via
    #   -r requirements.txt
    #   gradio
    #   gradio-client
    #   tokenizers
    #   transformers
idna==3.18
    # via
    #   -r requirements.txt
    #   anyio
    #   httpx
    #   requests
    #   tldextract
iniconfig==2.3.0
    # via pytest
jinja2==3.1.6
    # via
    #   -r requirements.txt
    #   gradio
    #   mlx-lm
    #   spacy
markdown-it-py==4.2.0
    # via
    #   -r requirements.txt
    #   rich
markupsafe==3.0.3
    # via
    #   -r requirements.txt
    #   gradio
    #   jinja2
mdurl==0.1.2
    # via
    #   -r requirements.txt
    #   markdown-it-py
mlx==0.32.0
    # via
    #   -r requirements.txt
    #   mlx-lm
mlx-lm==0.31.3
    # via -r requirements.txt
mlx-metal==0.32.0
    # via
    #   -r requirements.txt
    #   mlx
murmurhash==1.0.15
    # via
    #   -r requirements.txt
    #   preshed
    #   spacy
    #   thinc
mypy-extensions==1.1.0
    # via black
numpy==2.4.6
    # via
    #   -r requirements.txt
    #   blis
    #   gradio
    #   mlx-lm
    #   pandas
    #   spacy
    #   thinc
    #   transformers
orjson==3.11.9
    # via
    #   -r requirements.txt
    #   gradio
packaging==26.2
    # via
    #   -r requirements.txt
    #   black
    #   gradio
    #   gradio-client
    #   huggingface-hub
    #   pytest
    #   spacy
    #   thinc
    #   transformers
    #   weasel
    #   wheel
pandas==2.3.3
    # via
    #   -r requirements.txt
    #   gradio
pathspec==1.1.1
    # via black
phonenumbers==9.0.34
    # via
    #   -r requirements.txt
    #   presidio-analyzer
pillow==11.3.0
    # via
    #   -r requirements.txt
    #   gradio
platformdirs==4.11.0
    # via black
pluggy==1.6.0
    # via pytest
preshed==3.0.13
    # via
    #   -r requirements.txt
    #   spacy
    #   thinc
presidio-analyzer==2.2.362
    # via -r requirements.txt
presidio-anonymizer==2.2.364
    # via -r requirements.txt
protobuf==7.35.1
    # via
    #   -r requirements.txt
    #   mlx-lm
pycparser==3.0
    # via
    #   -r requirements.txt
    #   cffi
pydantic==2.12.3
    # via
    #   -r requirements.txt
    #   fastapi
    #   gradio
    #   presidio-analyzer
    #   pydantic-settings
    #   spacy
    #   thinc
    #   weasel
pydantic-core==2.41.4
    # via
    #   -r requirements.txt
    #   pydantic
pydantic-settings==2.14.2
    # via -r requirements.txt
pydub==0.25.1
    # via
    #   -r requirements.txt
    #   gradio
pygments==2.20.0
    # via
    #   -r requirements.txt
    #   pytest
    #   rich
pytest==9.1.1
    # via
    #   -r requirements-dev.txt
    #   pytest-asyncio
pytest-asyncio==1.4.0
    # via -r requirements-dev.txt
python-dateutil==2.9.0.post0
    # via
    #   -r requirements.txt
    #   pandas
python-dotenv==1.2.2
    # via
    #   -r requirements.txt
    #   pydantic-settings
python-multipart==0.0.32
    # via
    #   -r requirements.txt
    #   gradio
pytokens==0.4.1
    # via black
pytz==2026.2
    # via
    #   -r requirements.txt
    #   pandas
pyyaml==6.0.3
    # via
    #   -r requirements.txt
    #   gradio
    #   huggingface-hub
    #   mlx-lm
    #   presidio-analyzer
    #   transformers
regex==2026.7.19
    # via
    #   -r requirements.txt
    #   presidio-analyzer
    #   transformers
requests==2.34.2
    # via
    #   -r requirements.txt
    #   requests-file
    #   spacy
    #   tldextract
requests-file==3.0.1
    # via
    #   -r requirements.txt
    #   tldextract
rich==15.0.0
    # via
    #   -r requirements.txt
    #   typer
ruff==0.15.22
    # via
    #   -r requirements-dev.txt
    #   -r requirements.txt
    #   gradio
safehttpx==0.1.7
    # via
    #   -r requirements.txt
    #   gradio
safetensors==0.8.0
    # via
    #   -r requirements.txt
    #   transformers
semantic-version==2.10.0
    # via
    #   -r requirements.txt
    #   gradio
sentencepiece==0.2.2
    # via
    #   -r requirements.txt
    #   mlx-lm
setuptools==83.0.0
    # via
    #   -r requirements.txt
    #   spacy
    #   thinc
shellingham==1.5.4
    # via
    #   -r requirements.txt
    #   typer
six==1.17.0
    # via
    #   -r requirements.txt
    #   python-dateutil
smart-open==8.0.1
    # via
    #   -r requirements.txt
    #   weasel
spacy==3.8.14
    # via
    #   -r requirements.txt
    #   presidio-analyzer
spacy-legacy==3.0.12
    # via
    #   -r requirements.txt
    #   spacy
spacy-loggers==1.0.5
    # via
    #   -r requirements.txt
    #   spacy
srsly==2.5.3
    # via
    #   -r requirements.txt
    #   spacy
    #   thinc
    #   weasel
starlette==0.52.1
    # via
    #   -r requirements.txt
    #   fastapi
    #   gradio
thinc==8.3.13
    # via
    #   -r requirements.txt
    #   spacy
tldextract==5.3.1
    # via
    #   -r requirements.txt
    #   presidio-analyzer
tokenizers==0.22.2
    # via
    #   -r requirements.txt
    #   transformers
tomlkit==0.13.3
    # via
    #   -r requirements.txt
    #   gradio
tqdm==4.69.0
    # via
    #   -r requirements.txt
    #   huggingface-hub
    #   spacy
    #   transformers
transformers==5.14.1
    # via
    #   -r requirements.txt
    #   mlx-lm
typer==0.27.0
    # via
    #   -r requirements.txt
    #   gradio
    #   spacy
    #   transformers
    #   weasel
typing-extensions==4.16.0
    # via
    #   -r requirements.txt
    #   anyio
    #   fastapi
    #   gradio
    #   gradio-client
    #   huggingface-hub
    #   pydantic
    #   pydantic-core
    #   pytest-asyncio
    #   starlette
    #   typing-inspection
typing-inspection==0.4.2
    # via
    #   -r requirements.txt
    #   fastapi
    #   pydantic
    #   pydantic-settings
tzdata==2026.3
    # via
    #   -r requirements.txt
    #   pandas
urllib3==2.7.0
    # via
    #   -r requirements.txt
    #   requests
uvicorn==0.51.0
    # via
    #   -r requirements.txt
    #   gradio
wasabi==1.1.3
    # via
    #   -r requirements.txt
    #   spacy
    #   thinc
    #   weasel
weasel==1.0.0
    # via
    #   -r requirements.txt
    #   spacy
websockets==15.0.1
    # via
    #   -r requirements.txt
    #   gradio-client
wheel==0.47.0
    # via -r requirements-dev.txt
wrapt==2.2.2
    # via
    #   -r requirements.txt
    #   smart-open
